
Microsoft Visual Studio Solution File, Format Version 12.00
# Visual Studio Version 17
VisualStudioVersion = 17.1.32228.430
MinimumVisualStudioVersion = 10.0.40219.1
Project("{FAE04EC0-301F-11D3-BF4B-00C04F79EFBC}") = "ProjetoDAL", "ProjetoDAL\ProjetoDAL.csproj", "{28BD0D91-052D-4704-ADD0-AF0D0B0E8AA7}"
EndProject
Global
	GlobalSection(SolutionConfigurationPlatforms) = preSolution
		Debug|Any CPU = Debug|Any CPU
		Release|Any CPU = Release|Any CPU
	EndGlobalSection
	GlobalSection(ProjectConfigurationPlatforms) = postSolution
		{28BD0D91-052D-4704-ADD0-AF0D0B0E8AA7}.Debug|Any CPU.ActiveCfg = Debug|Any CPU
		{28BD0D91-052D-4704-ADD0-AF0D0B0E8AA7}.Debug|Any CPU.Build.0 = Debug|Any CPU
		{28BD0D91-052D-4704-ADD0-AF0D0B0E8AA7}.Release|Any CPU.ActiveCfg = Release|Any CPU
		{28BD0D91-052D-4704-ADD0-AF0D0B0E8AA7}.Release|Any CPU.Build.0 = Release|Any CPU
	EndGlobalSection
	GlobalSection(SolutionProperties) = preSolution
		HideSolutionNode = FALSE
	EndGlobalSection
	GlobalSection(ExtensibilityGlobals) = postSolution
		SolutionGuid = {FC04A33E-D277-42D4-B47B-2F5AC8E430F6}
	EndGlobalSection
EndGlobal
